// !$*UTF8*$!
{
	archiveVersion = 1;
	classes = {
	};
	objectVersion = 46;
	objects = {

/* Begin PBXBuildFile section */
		081C37311D3A929B00D46E38 /* AppDelegate.swift in Sources */ = {isa = PBXBuildFile; fileRef = 081C37301D3A929B00D46E38 /* AppDelegate.swift */; };
		081C37331D3A929B00D46E38 /* ViewController.swift in Sources */ = {isa = PBXBuildFile; fileRef = 081C37321D3A929B00D46E38 /* ViewController.swift */; };
		081C37361D3A929B00D46E38 /* Main.storyboard in Resources */ = {isa = PBXBuildFile; fileRef = 081C37341D3A929B00D46E38 /* Main.storyboard */; };
		081C37391D3A929B00D46E38 /* Recipez.xcdatamodeld in Sources */ = {isa = PBXBuildFile; fileRef = 081C37371D3A929B00D46E38 /* Recipez.xcdatamodeld */; };
		081C373B1D3A929B00D46E38 /* Assets.xcassets in Resources */ = {isa = PBXBuildFile; fileRef = 081C373A1D3A929B00D46E38 /* Assets.xcassets */; };
		081C373E1D3A929B00D46E38 /* LaunchScreen.storyboard in Resources */ = {isa = PBXBuildFile; fileRef = 081C373C1D3A929B00D46E38 /* LaunchScreen.storyboard */; };
/* End PBXBuildFile section */

/* Begin PBXFileReference section */
		081C372D1D3A929A00D46E38 /* Recipez.app */ = {isa = PBXFileReference; explicitFileType = wrapper.application; includeInIndex = 0; path = Recipez.app; sourceTree = BUILT_PRODUCTS_DIR; };
		081C37301D3A929B00D46E38 /* AppDelegate.swift */ = {isa = PBXFileReference; lastKnownFileType = sourcecode.swift; path = AppDelegate.swift; sourceTree = "<group>"; };
		081C37321D3A929B00D46E38 /* ViewController.swift */ = {isa = PBXFileReference; lastKnownFileType = sourcecode.swift; path = ViewController.swift; sourceTree = "<group>"; };
		081C37351D3A929B00D46E38 /* Base */ = {isa = PBXFileReference; lastKnownFileType = file.storyboard; name = Base; path = Base.lproj/Main.storyboard; sourceTree = "<group>"; };
		081C37381D3A929B00D46E38 /* Recipez.xcdatamodel */ = {isa = PBXFileReference; lastKnownFileType = wrapper.xcdatamodel; path = Recipez.xcdatamodel; sourceTree = "<group>"; };
		081C373A1D3A929B00D46E38 /* Assets.xcassets */ = {isa = PBXFileReference; lastKnownFileType = folder.assetcatalog; path = Assets.xcassets; sourceTree = "<group>"; };
		081C373D1D3A929B00D46E38 /* Base */ = {isa = PBXFileReference; lastKnownFileType = file.storyboard; name = Base; path = Base.lproj/LaunchScreen.storyboard; sourceTree = "<group>"; };
		081C373F1D3A929B00D46E38 /* Info.plist */ = {isa = PBXFileReference; lastKnownFileType = text.plist.xml; path = Info.plist; sourceTree = "<group>"; };
/* End PBXFileReference section */

/* Begin PBXFrameworksBuildPhase section */
		081C372A1D3A929A00D46E38 /* Frameworks */ = {
			isa = PBXFrameworksBuildPhase;
			buildActionMask = 2147483647;
			files = (
			);
			runOnlyForDeploymentPostprocessing = 0;
		};
/* End PBXFrameworksBuildPhase section */

/* Begin PBXGroup section */
		081C37241D3A929A00D46E38 = {
			isa = PBXGroup;
			children = (
				081C372F1D3A929B00D46E38 /* Recipez */,
				081C372E1D3A929A00D46E38 /* Products */,
			);
			sourceTree = "<group>";
		};
		081C372E1D3A929A00D46E38 /* Products */ = {
			isa = PBXGroup;
			children = (
				081C372D1D3A929A00D46E38 /* Recipez.app */,
			);
			name = Products;
			sourceTree = "<group>";
		};
		081C372F1D3A929B00D46E38 /* Recipez */ = {
			isa = PBXGroup;
			children = (
				081C37301D3A929B00D46E38 /* AppDelegate.swift */,
				081C37321D3A929B00D46E38 /* ViewController.swift */,
				081C37341D3A929B00D46E38 /* Main.storyboard */,
				081C373A1D3A929B00D46E38 /* Assets.xcassets */,
				081C373C1D3A929B00D46E38 /* LaunchScreen.storyboard */,
				081C373F1D3A929B00D46E38 /* Info.plist */,
				081C37371D3A929B00D46E38 /* Recipez.xcdatamodeld */,
			);
			path = Recipez;
			sourceTree = "<group>";
		};
/* End PBXGroup section */

/* Begin PBXNativeTarget section */
		081C372C1D3A929A00D46E38 /* Recipez */ = {
			isa = PBXNativeTarget;
			buildConfigurationList = 081C37421D3A929B00D46E38 /* Build configuration list for PBXNativeTarget "Recipez" */;
			buildPhases = (
				081C37291D3A929A00D46E38 /* Sources */,
				081C372A1D3A929A00D46E38 /* Frameworks */,
				081C372B1D3A929A00D46E38 /* Resources */,
			);
			buildRules = (
			);
			dependencies = (
			);
			name = Recipez;
			productName = Recipez;
			productReference = 081C372D1D3A929A00D46E38 /* Recipez.app */;
			productType = "com.apple.product-type.application";
		};
/* End PBXNativeTarget section */

/* Begin PBXProject section */
		081C37251D3A929A00D46E38 /* Project object */ = {
			isa = PBXProject;
			attributes = {
				LastSwiftUpdateCheck = 0730;
				LastUpgradeCheck = 0730;
				ORGANIZATIONNAME = "Aaditya Narvekar";
				TargetAttributes = {
					081C372C1D3A929A00D46E38 = {
						CreatedOnToolsVersion = 7.3.1;
					};
				};
			};
			buildConfigurationList = 081C37281D3A929A00D46E38 /* Build configuration list for PBXProject "Recipez" */;
			compatibilityVersion = "Xcode 3.2";
			developmentRegion = English;
			hasScannedForEncodings = 0;
			knownRegions = (
				en,
				Base,
			);
			mainGroup = 081C37241D3A929A00D46E38;
			productRefGroup = 081C372E1D3A929A00D46E38 /* Products */;
			projectDirPath = "";
			projectRoot = "";
			targets = (
				081C372C1D3A929A00D46E38 /* Recipez */,
			);
		};
/* End PBXProject section */

/* Begin PBXResourcesBuildPhase section */
		081C372B1D3A929A00D46E38 /* Resources */ = {
			isa = PBXResourcesBuildPhase;
			buildActionMask = 2147483647;
			files = (
				081C373E1D3A929B00D46E38 /* LaunchScreen.storyboard in Resources */,
				081C373B1D3A929B00D46E38 /* Assets.xcassets in Resources */,
				081C37361D3A929B00D46E38 /* Main.storyboard in Resources */,
			);
			runOnlyForDeploymentPostprocessing = 0;
		};
/* End PBXResourcesBuildPhase section */

/* Begin PBXSourcesBuildPhase section */
		081C37291D3A929A00D46E38 /* Sources */ = {
			isa = PBXSourcesBuildPhase;
			buildActionMask = 2147483647;
			files = (
				081C37331D3A929B00D46E38 /* ViewController.swift in Sources */,
				081C37311D3A929B00D46E38 /* AppDelegate.swift in Sources */,
				081C37391D3A929B00D46E38 /* Recipez.xcdatamodeld in Sources */,
			);
			runOnlyForDeploymentPostprocessing = 0;
		};
/* End PBXSourcesBuildPhase section */

/* Begin PBXVariantGroup section */
		081C37341D3A929B00D46E38 /* Main.storyboard */ = {
			isa = PBXVariantGroup;
			children = (
				081C37351D3A929B00D46E38 /* Base */,
			);
			name = Main.storyboard;
			sourceTree = "<group>";
		};
		081C373C1D3A929B00D46E38 /* LaunchScreen.storyboard */ = {
			isa = PBXVariantGroup;
			children = (
				081C373D1D3A929B00D46E38 /* Base */,
			);
			name = LaunchScreen.storyboard;
			sourceTree = "<group>";
		};
/* End PBXVariantGroup section */

/* Begin XCBuildConfiguration section */
		081C37401D3A929B00D46E38 /* Debug */ = {
			isa = XCBuildConfiguration;
			buildSettings = {
				ALWAYS_SEARCH_USER_PATHS = NO;
				CLANG_ANALYZER_NONNULL = YES;
				CLANG_CXX_LANGUAGE_STANDARD = "gnu++0x";
				CLANG_CXX_LIBRARY = "libc++";
				CLANG_ENABLE_MODULES = YES;
				CLANG_ENABLE_OBJC_ARC = YES;
				CLANG_WARN_BOOL_CONVERSION = YES;
				CLANG_WARN_CONSTANT_CONVERSION = YES;
				CLANG_WARN_DIRECT_OBJC_ISA_USAGE = YES_ERROR;
				CLANG_WARN_EMPTY_BODY = YES;
				CLANG_WARN_ENUM_CONVERSION = YES;
				CLANG_WARN_INT_CONVERSION = YES;
				CLANG_WARN_OBJC_ROOT_CLASS = YES_ERROR;
				CLANG_WARN_UNREACHABLE_CODE = YES;
				CLANG_WARN__DUPLICATE_METHOD_MATCH = YES;
				"CODE_SIGN_IDENTITY[sdk=iphoneos*]" = "iPhone Developer";
				COPY_PHASE_STRIP = NO;
				DEBUG_INFORMATION_FORMAT = dwarf;
				ENABLE_STRICT_OBJC_MSGSEND = YES;
				ENABLE_TESTABILITY = YES;
				GCC_C_LANGUAGE_STANDARD = gnu99;
				GCC_DYNAMIC_NO_PIC = NO;
				GCC_NO_COMMON_BLOCKS = YES;
				GCC_OPTIMIZATION_LEVEL = 0;
				GCC_PREPROCESSOR_DEFINITIONS = (
					"DEBUG=1",
					"$(inherited)",
				);
				GCC_WARN_64_TO_32_BIT_CONVERSION = YES;
				GCC_WARN_ABOUT_RETURN_TYPE = YES_ERROR;
				GCC_WARN_UNDECLARED_SELECTOR = YES;
				GCC_WARN_UNINITIALIZED_AUTOS = YES_AGGRESSIVE;
				GCC_WARN_UNUSED_FUNCTION = YES;
				GCC_WARN_UNUSED_VARIABLE = YES;
				IPHONEOS_DEPLOYMENT_TARGET = 9.3;
				MTL_ENABLE_DEBUG_INFO = YES;
				ONLY_ACTIVE_ARCH = YES;
				SDKROOT = iphoneos;
				SWIFT_OPTIMIZATION_LEVEL = "-Onone";
				TARGETED_DEVICE_FAMILY = "1,2";
			};
			name = Debug;
		};
		081C37411D3A929B00D46E38 /* Release */ = {
			isa = XCBuildConfiguration;
			buildSettings = {
				ALWAYS_SEARCH_USER_PATHS = NO;
				CLANG_ANALYZER_NONNULL = YES;
				CLANG_CXX_LANGUAGE_STANDARD = "gnu++0x";
				CLANG_CXX_LIBRARY = "libc++";
				CLANG_ENABLE_MODULES = YES;
				CLANG_ENABLE_OBJC_ARC = YES;
				CLANG_WARN_BOOL_CONVERSION = YES;
				CLANG_WARN_CONSTANT_CONVERSION = YES;
				CLANG_WARN_DIRECT_OBJC_ISA_USAGE = YES_ERROR;
				CLANG_WARN_EMPTY_BODY = YES;
				CLANG_WARN_ENUM_CONVERSION = YES;
				CLANG_WARN_INT_CONVERSION = YES;
				CLANG_WARN_OBJC_ROOT_CLASS = YES_ERROR;
				CLANG_WARN_UNREACHABLE_CODE = YES;
				CLANG_WARN__DUPLICATE_METHOD_MATCH = YES;
				"CODE_SIGN_IDENTITY[sdk=iphoneos*]" = "iPhone Developer";
				COPY_PHASE_STRIP = NO;
				DEBUG_INFORMATION_FORMAT = "dwarf-with-dsym";
				ENABLE_NS_ASSERTIONS = NO;
				ENABLE_STRICT_OBJC_MSGSEND = YES;
				GCC_C_LANGUAGE_STANDARD = gnu99;
				GCC_NO_COMMON_BLOCKS = YES;
				GCC_WARN_64_TO_32_BIT_CONVERSION = YES;
				GCC_WARN_ABOUT_RETURN_TYPE = YES_ERROR;
				GCC_WARN_UNDECLARED_SELECTOR = YES;
				GCC_WARN_UNINITIALIZED_AUTOS = YES_AGGRESSIVE;
				GCC_WARN_UNUSED_FUNCTION = YES;
				GCC_WARN_UNUSED_VARIABLE = YES;
				IPHONEOS_DEPLOYMENT_TARGET = 9.3;
				MTL_ENABLE_DEBUG_INFO = NO;
				SDKROOT = iphoneos;
				TARGETED_DEVICE_FAMILY = "1,2";
				VALIDATE_PRODUCT = YES;
			};
			name = Release;
		};
		081C37431D3A929B00D46E38 /* Debug */ = {
			isa = XCBuildConfiguration;
			buildSettings = {
				ASSETCATALOG_COMPILER_APPICON_NAME = AppIcon;
				INFOPLIST_FILE = Recipez/Info.plist;
				LD_RUNPATH_SEARCH_PATHS = "$(inherited) @executable_path/Frameworks";
				PRODUCT_BUNDLE_IDENTIFIER = com.aadityanarvekar.Recipez;
				PRODUCT_NAME = "$(TARGET_NAME)";
			};
			name = Debug;
		};
		081C37441D3A929B00D46E38 /* Release */ = {
			isa = XCBuildConfiguration;
			buildSettings = {
				ASSETCATALOG_COMPILER_APPICON_NAME = AppIcon;
				INFOPLIST_FILE = Recipez/Info.plist;
				LD_RUNPATH_SEARCH_PATHS = "$(inherited) @executable_path/Frameworks";
				PRODUCT_BUNDLE_IDENTIFIER = com.aadityanarvekar.Recipez;
				PRODUCT_NAME = "$(TARGET_NAME)";
			};
			name = Release;
		};
/* End XCBuildConfiguration section */

/* Begin XCConfigurationList section */
		081C37281D3A929A00D46E38 /* Build configuration list for PBXProject "Recipez" */ = {
			isa = XCConfigurationList;
			buildConfigurations = (
				081C37401D3A929B00D46E38 /* Debug */,
				081C37411D3A929B00D46E38 /* Release */,
			);
			defaultConfigurationIsVisible = 0;
			defaultConfigurationName = Release;
		};
		081C37421D3A929B00D46E38 /* Build configuration list for PBXNativeTarget "Recipez" */ = {
			isa = XCConfigurationList;
			buildConfigurations = (
				081C37431D3A929B00D46E38 /* Debug */,
				081C37441D3A929B00D46E38 /* Release */,
			);
			defaultConfigurationIsVisible = 0;
		};
/* End XCConfigurationList section */

/* Begin XCVersionGroup section */
		081C37371D3A929B00D46E38 /* Recipez.xcdatamodeld */ = {
			isa = XCVersionGroup;
			children = (
				081C37381D3A929B00D46E38 /* Recipez.xcdatamodel */,
			);
			currentVersion = 081C37381D3A929B00D46E38 /* Recipez.xcdatamodel */;
			path = Recipez.xcdatamodeld;
			sourceTree = "<group>";
			versionGroupType = wrapper.xcdatamodel;
		};
/* End XCVersionGroup section */
	};
	rootObject = 081C37251D3A929A00D46E38 /* Project object */;
}
